
Microsoft Visual Studio Solution File, Format Version 12.00
# Visual Studio Version 17
VisualStudioVersion = 17.2.32526.322
MinimumVisualStudioVersion = 10.0.40219.1
Project("{FAE04EC0-301F-11D3-BF4B-00C04F79EFBC}") = "DAL", "DAL\DAL.csproj", "{B9414A00-DEFA-4F50-93B7-71DDC12B07DC}"
EndProject
Project("{FAE04EC0-301F-11D3-BF4B-00C04F79EFBC}") = "BL", "BL\BL.csproj", "{37A10294-3D54-4256-A21F-B6BEDDADE49E}"
EndProject
Project("{FAE04EC0-301F-11D3-BF4B-00C04F79EFBC}") = "Domain", "Domain\Domain.csproj", "{9EFF0C16-9FB4-4651-ABB3-873755B36509}"
EndProject
Project("{FAE04EC0-301F-11D3-BF4B-00C04F79EFBC}") = "UI", "UI\UI.csproj", "{2F8B8245-B774-4A35-A414-F09FB0DA6584}"
EndProject
Global
	GlobalSection(SolutionConfigurationPlatforms) = preSolution
		Debug|Any CPU = Debug|Any CPU
		Release|Any CPU = Release|Any CPU
	EndGlobalSection
	GlobalSection(ProjectConfigurationPlatforms) = postSolution
		{B9414A00-DEFA-4F50-93B7-71DDC12B07DC}.Debug|Any CPU.ActiveCfg = Debug|Any CPU
		{B9414A00-DEFA-4F50-93B7-71DDC12B07DC}.Debug|Any CPU.Build.0 = Debug|Any CPU
		{B9414A00-DEFA-4F50-93B7-71DDC12B07DC}.Release|Any CPU.ActiveCfg = Release|Any CPU
		{B9414A00-DEFA-4F50-93B7-71DDC12B07DC}.Release|Any CPU.Build.0 = Release|Any CPU
		{37A10294-3D54-4256-A21F-B6BEDDADE49E}.Debug|Any CPU.ActiveCfg = Debug|Any CPU
		{37A10294-3D54-4256-A21F-B6BEDDADE49E}.Debug|Any CPU.Build.0 = Debug|Any CPU
		{37A10294-3D54-4256-A21F-B6BEDDADE49E}.Release|Any CPU.ActiveCfg = Release|Any CPU
		{37A10294-3D54-4256-A21F-B6BEDDADE49E}.Release|Any CPU.Build.0 = Release|Any CPU
		{9EFF0C16-9FB4-4651-ABB3-873755B36509}.Debug|Any CPU.ActiveCfg = Debug|Any CPU
		{9EFF0C16-9FB4-4651-ABB3-873755B36509}.Debug|Any CPU.Build.0 = Debug|Any CPU
		{9EFF0C16-9FB4-4651-ABB3-873755B36509}.Release|Any CPU.ActiveCfg = Release|Any CPU
		{9EFF0C16-9FB4-4651-ABB3-873755B36509}.Release|Any CPU.Build.0 = Release|Any CPU
		{2F8B8245-B774-4A35-A414-F09FB0DA6584}.Debug|Any CPU.ActiveCfg = Debug|Any CPU
		{2F8B8245-B774-4A35-A414-F09FB0DA6584}.Debug|Any CPU.Build.0 = Debug|Any CPU
		{2F8B8245-B774-4A35-A414-F09FB0DA6584}.Release|Any CPU.ActiveCfg = Release|Any CPU
		{2F8B8245-B774-4A35-A414-F09FB0DA6584}.Release|Any CPU.Build.0 = Release|Any CPU
	EndGlobalSection
	GlobalSection(SolutionProperties) = preSolution
		HideSolutionNode = FALSE
	EndGlobalSection
	GlobalSection(ExtensibilityGlobals) = postSolution
		SolutionGuid = {CB30534A-43D6-42A5-B881-40A48A685D79}
	EndGlobalSection
EndGlobal
